
Microsoft Visual Studio Solution File, Format Version 12.00
# Visual Studio 14
VisualStudioVersion = 14.0.25420.1
MinimumVisualStudioVersion = 10.0.40219.1
Project("{FAE04EC0-301F-11D3-BF4B-00C04F79EFBC}") = "FoodServiceApiRest", "FoodServiceApiRest\FoodServiceApiRest.csproj", "{AB071ADF-930F-4579-9C8E-06874CC11281}"
EndProject
Global
	GlobalSection(SolutionConfigurationPlatforms) = preSolution
		Debug|Any CPU = Debug|Any CPU
		Release|Any CPU = Release|Any CPU
	EndGlobalSection
	GlobalSection(ProjectConfigurationPlatforms) = postSolution
		{AB071ADF-930F-4579-9C8E-06874CC11281}.Debug|Any CPU.ActiveCfg = Debug|Any CPU
		{AB071ADF-930F-4579-9C8E-06874CC11281}.Debug|Any CPU.Build.0 = Debug|Any CPU
		{AB071ADF-930F-4579-9C8E-06874CC11281}.Release|Any CPU.ActiveCfg = Release|Any CPU
		{AB071ADF-930F-4579-9C8E-06874CC11281}.Release|Any CPU.Build.0 = Release|Any CPU
	EndGlobalSection
	GlobalSection(SolutionProperties) = preSolution
		HideSolutionNode = FALSE
	EndGlobalSection
EndGlobal
